github.com/sigurn/crc8 v0.0.0-20220107193325-2243fe600f9f h1:1R9KdKjCNSd7F8iGTxIpoID9prlYH8nuNYKt0XvweHA=
github.com/sigurn/crc8 v0.0.0-20220107193325-2243fe600f9f/go.mod h1:vQhwQ4meQEDfahT5kd61wLAF5AAeh5ZPLVI4JJ/tYo8=
github.com/xthexder/go-jack v0.0.0-20220805234212-bc8604043aba h1:QighQ8fJJOqipXXurg9WghoImtvl7CHTpe21GDYdIkk=
github.com/xthexder/go-jack v0.0.0-20220805234212-bc8604043aba/go.mod h1:T6DswVPJzBW/Xg64l/gohXVgSW81GwXyMws1fkqxlUg=
